
Microsoft Visual Studio Solution File, Format Version 12.00
# Visual Studio Version 16
VisualStudioVersion = 16.0.29001.49
MinimumVisualStudioVersion = 10.0.40219.1
Project("{FAE04EC0-301F-11D3-BF4B-00C04F79EFBC}") = "forces 1", "forces 1\forces 1.csproj", "{D7028D49-8EFE-4BF9-B4D5-6E17332EA5F5}"
EndProject
Global
	GlobalSection(SolutionConfigurationPlatforms) = preSolution
		Debug|Any CPU = Debug|Any CPU
		Release|Any CPU = Release|Any CPU
	EndGlobalSection
	GlobalSection(ProjectConfigurationPlatforms) = postSolution
		{D7028D49-8EFE-4BF9-B4D5-6E17332EA5F5}.Debug|Any CPU.ActiveCfg = Debug|Any CPU
		{D7028D49-8EFE-4BF9-B4D5-6E17332EA5F5}.Debug|Any CPU.Build.0 = Debug|Any CPU
		{D7028D49-8EFE-4BF9-B4D5-6E17332EA5F5}.Release|Any CPU.ActiveCfg = Release|Any CPU
		{D7028D49-8EFE-4BF9-B4D5-6E17332EA5F5}.Release|Any CPU.Build.0 = Release|Any CPU
	EndGlobalSection
	GlobalSection(SolutionProperties) = preSolution
		HideSolutionNode = FALSE
	EndGlobalSection
	GlobalSection(ExtensibilityGlobals) = postSolution
		SolutionGuid = {B313ABB9-38DC-4AE7-BADB-187A7BF7C480}
	EndGlobalSection
EndGlobal
